
Microsoft Visual Studio Solution File, Format Version 12.00
# Visual Studio Version 16
VisualStudioVersion = 16.0.30114.105
MinimumVisualStudioVersion = 10.0.40219.1
Project("{FAE04EC0-301F-11D3-BF4B-00C04F79EFBC}") = "BuberDinner.API", "BuberDinner.API\BuberDinner.API.csproj", "{DEC63313-BDA1-4465-8740-D3D2F001CB4D}"
EndProject
Project("{FAE04EC0-301F-11D3-BF4B-00C04F79EFBC}") = "BuberDinner.Contracts", "BuberDinner.Contracts\BuberDinner.Contracts.csproj", "{7E2FC6BA-554A-4474-AB42-DC2CBDADE87A}"
EndProject
Project("{FAE04EC0-301F-11D3-BF4B-00C04F79EFBC}") = "BuberDinner.Application", "BuberDinner.Application\BuberDinner.Application.csproj", "{A1CE8731-90ED-4C8B-B11E-DA8C971E821D}"
EndProject
Project("{FAE04EC0-301F-11D3-BF4B-00C04F79EFBC}") = "BuberDinner.Domain", "BuberDinner.Domain\BuberDinner.Domain.csproj", "{6C94F0C4-0B51-4B72-9370-E2B5390115D0}"
EndProject
Project("{FAE04EC0-301F-11D3-BF4B-00C04F79EFBC}") = "BuberDinner.Infraestructure", "BuberDinner.Infraestructure\BuberDinner.Infraestructure.csproj", "{5C637A21-F929-47A2-9902-C8C1C5E6F18D}"
EndProject
Global
	GlobalSection(SolutionConfigurationPlatforms) = preSolution
		Debug|Any CPU = Debug|Any CPU
		Release|Any CPU = Release|Any CPU
	EndGlobalSection
	GlobalSection(SolutionProperties) = preSolution
		HideSolutionNode = FALSE
	EndGlobalSection
	GlobalSection(ProjectConfigurationPlatforms) = postSolution
		{DEC63313-BDA1-4465-8740-D3D2F001CB4D}.Debug|Any CPU.ActiveCfg = Debug|Any CPU
		{DEC63313-BDA1-4465-8740-D3D2F001CB4D}.Debug|Any CPU.Build.0 = Debug|Any CPU
		{DEC63313-BDA1-4465-8740-D3D2F001CB4D}.Release|Any CPU.ActiveCfg = Release|Any CPU
		{DEC63313-BDA1-4465-8740-D3D2F001CB4D}.Release|Any CPU.Build.0 = Release|Any CPU
		{7E2FC6BA-554A-4474-AB42-DC2CBDADE87A}.Debug|Any CPU.ActiveCfg = Debug|Any CPU
		{7E2FC6BA-554A-4474-AB42-DC2CBDADE87A}.Debug|Any CPU.Build.0 = Debug|Any CPU
		{7E2FC6BA-554A-4474-AB42-DC2CBDADE87A}.Release|Any CPU.ActiveCfg = Release|Any CPU
		{7E2FC6BA-554A-4474-AB42-DC2CBDADE87A}.Release|Any CPU.Build.0 = Release|Any CPU
		{A1CE8731-90ED-4C8B-B11E-DA8C971E821D}.Debug|Any CPU.ActiveCfg = Debug|Any CPU
		{A1CE8731-90ED-4C8B-B11E-DA8C971E821D}.Debug|Any CPU.Build.0 = Debug|Any CPU
		{A1CE8731-90ED-4C8B-B11E-DA8C971E821D}.Release|Any CPU.ActiveCfg = Release|Any CPU
		{A1CE8731-90ED-4C8B-B11E-DA8C971E821D}.Release|Any CPU.Build.0 = Release|Any CPU
		{6C94F0C4-0B51-4B72-9370-E2B5390115D0}.Debug|Any CPU.ActiveCfg = Debug|Any CPU
		{6C94F0C4-0B51-4B72-9370-E2B5390115D0}.Debug|Any CPU.Build.0 = Debug|Any CPU
		{6C94F0C4-0B51-4B72-9370-E2B5390115D0}.Release|Any CPU.ActiveCfg = Release|Any CPU
		{6C94F0C4-0B51-4B72-9370-E2B5390115D0}.Release|Any CPU.Build.0 = Release|Any CPU
		{5C637A21-F929-47A2-9902-C8C1C5E6F18D}.Debug|Any CPU.ActiveCfg = Debug|Any CPU
		{5C637A21-F929-47A2-9902-C8C1C5E6F18D}.Debug|Any CPU.Build.0 = Debug|Any CPU
		{5C637A21-F929-47A2-9902-C8C1C5E6F18D}.Release|Any CPU.ActiveCfg = Release|Any CPU
		{5C637A21-F929-47A2-9902-C8C1C5E6F18D}.Release|Any CPU.Build.0 = Release|Any CPU
	EndGlobalSection
EndGlobal
